
Microsoft Visual Studio Solution File, Format Version 12.00
# Visual Studio Version 17
VisualStudioVersion = 17.11.35312.102
MinimumVisualStudioVersion = 10.0.40219.1
Project("{8BC9CEB8-8B4A-11D0-8D11-00A0C91BC942}") = "struct_lab3", "struct_lab3\struct_lab3.vcxproj", "{DE929EDE-0C73-45AA-B1C7-C0E11B6EF41C}"
EndProject
Project("{8BC9CEB8-8B4A-11D0-8D11-00A0C91BC942}") = "TestOneAndDoubleList", "TestOneAndDoubleList\TestOneAndDoubleList.vcxproj", "{DFE4FD47-B3EE-4878-9B08-3C83B0EB23C0}"
EndProject
Global
	GlobalSection(SolutionConfigurationPlatforms) = preSolution
		Debug|x64 = Debug|x64
		Debug|x86 = Debug|x86
		Release|x64 = Release|x64
		Release|x86 = Release|x86
	EndGlobalSection
	GlobalSection(ProjectConfigurationPlatforms) = postSolution
		{DE929EDE-0C73-45AA-B1C7-C0E11B6EF41C}.Debug|x64.ActiveCfg = Debug|x64
		{DE929EDE-0C73-45AA-B1C7-C0E11B6EF41C}.Debug|x64.Build.0 = Debug|x64
		{DE929EDE-0C73-45AA-B1C7-C0E11B6EF41C}.Debug|x86.ActiveCfg = Debug|Win32
		{DE929EDE-0C73-45AA-B1C7-C0E11B6EF41C}.Debug|x86.Build.0 = Debug|Win32
		{DE929EDE-0C73-45AA-B1C7-C0E11B6EF41C}.Release|x64.ActiveCfg = Release|x64
		{DE929EDE-0C73-45AA-B1C7-C0E11B6EF41C}.Release|x64.Build.0 = Release|x64
		{DE929EDE-0C73-45AA-B1C7-C0E11B6EF41C}.Release|x86.ActiveCfg = Release|Win32
		{DE929EDE-0C73-45AA-B1C7-C0E11B6EF41C}.Release|x86.Build.0 = Release|Win32
		{DFE4FD47-B3EE-4878-9B08-3C83B0EB23C0}.Debug|x64.ActiveCfg = Debug|x64
		{DFE4FD47-B3EE-4878-9B08-3C83B0EB23C0}.Debug|x64.Build.0 = Debug|x64
		{DFE4FD47-B3EE-4878-9B08-3C83B0EB23C0}.Debug|x86.ActiveCfg = Debug|Win32
		{DFE4FD47-B3EE-4878-9B08-3C83B0EB23C0}.Debug|x86.Build.0 = Debug|Win32
		{DFE4FD47-B3EE-4878-9B08-3C83B0EB23C0}.Release|x64.ActiveCfg = Release|x64
		{DFE4FD47-B3EE-4878-9B08-3C83B0EB23C0}.Release|x64.Build.0 = Release|x64
		{DFE4FD47-B3EE-4878-9B08-3C83B0EB23C0}.Release|x86.ActiveCfg = Release|Win32
		{DFE4FD47-B3EE-4878-9B08-3C83B0EB23C0}.Release|x86.Build.0 = Release|Win32
	EndGlobalSection
	GlobalSection(SolutionProperties) = preSolution
		HideSolutionNode = FALSE
	EndGlobalSection
	GlobalSection(ExtensibilityGlobals) = postSolution
		SolutionGuid = {79D2D3DF-BE1F-4CD6-8A5E-A37EE99BE5BB}
	EndGlobalSection
EndGlobal
